{
  "nodes": {
    "flakeNimbleLib": {
      "inputs": {
        "nixpkgs": [
          "nixpkgs"
        ]
      },
      "locked": {
        "lastModified": 1662018438,
        "narHash": "sha256-QtNtU6+LX3Wokxf0zlFwKTFOcn6TeDjKQZ+DA9OYtvM=",
        "owner": "riinr",
        "repo": "nim-flakes-lib",
        "rev": "b1fe8340736e3a85d25c709ac3dfd82a55c03cbf",
        "type": "github"
      },
      "original": {
        "owner": "riinr",
        "ref": "master",
        "repo": "nim-flakes-lib",
        "type": "github"
      }
    },
    "host-master": {
      "inputs": {
        "flakeNimbleLib": [
          "flakeNimbleLib"
        ],
        "nixpkgs": [
          "nixpkgs"
        ],
        "src-host-master": "src-host-master"
      },
      "locked": {
        "dir": "master",
        "lastModified": 1662254525,
        "narHash": "sha256-M28ZmNFrpE3l8cVkuMW4N6JgjWDY8SSDuLcz4JvKoOw=",
        "owner": "nim-nix-pkgs",
        "repo": "host",
        "rev": "9aea48cf052c45a4452e9947aebecccab576f25f",
        "type": "github"
      },
      "original": {
        "dir": "master",
        "owner": "nim-nix-pkgs",
        "ref": "master",
        "repo": "host",
        "type": "github"
      }
    },
    "nixpkgs": {
      "locked": {
        "lastModified": 1667110639,
        "narHash": "sha256-4FbPESZ5LbqQxkJJJBAfk/zKgF9h/4kyUwjjpJwYlbc=",
        "owner": "NixOS",
        "repo": "nixpkgs",
        "rev": "f38a1f04d1bec1feb61fd101a0539ae2002a7087",
        "type": "github"
      },
      "original": {
        "id": "nixpkgs",
        "type": "indirect"
      }
    },
    "root": {
      "inputs": {
        "flakeNimbleLib": "flakeNimbleLib",
        "host-master": "host-master",
        "nixpkgs": "nixpkgs"
      }
    },
    "src-host-master": {
      "flake": false,
      "locked": {
        "lastModified": 1612484084,
        "narHash": "sha256-LLTpTJTOvt16kKW4U77IFzImDk1cyyVt2zVXbgcP//o=",
        "owner": "RainbowAsteroids",
        "repo": "host",
        "rev": "5739f866ab3e0bf784345969225a4f91daf71a28",
        "type": "github"
      },
      "original": {
        "owner": "RainbowAsteroids",
        "ref": "refs/heads/master",
        "repo": "host",
        "type": "github"
      }
    }
  },
  "root": "root",
  "version": 7
}
